
Microsoft Visual Studio Solution File, Format Version 12.00
# Visual Studio 15
VisualStudioVersion = 15.0.26430.16
MinimumVisualStudioVersion = 10.0.40219.1
Project("{2150E333-8FDC-42A3-9474-1A3956D46DE8}") = ".nuget", ".nuget", "{162E9BD7-CEAF-4FB7-B72F-CC254626D1FC}"
	ProjectSection(SolutionItems) = preProject
		.nuget\NuGet.Config = .nuget\NuGet.Config
		.nuget\NuGet.exe = .nuget\NuGet.exe
		.nuget\NuGet.targets = .nuget\NuGet.targets
	EndProjectSection
EndProject
Project("{2150E333-8FDC-42A3-9474-1A3956D46DE8}") = "Docs", "Docs", "{A1510FC4-74FA-4673-B04F-4BBABE8D7151}"
	ProjectSection(SolutionItems) = preProject
		readme.md = readme.md
	EndProjectSection
EndProject
Project("{9A19103F-16F7-4668-BE54-9A1E7A4F7556}") = "MvcForum.Web.Ui", "src\MvcForum.Web.Ui\MvcForum.Web.Ui.csproj", "{E8235785-E4A4-44B7-B028-09E1088290F2}"
EndProject
Project("{FAE04EC0-301F-11D3-BF4B-00C04F79EFBC}") = "MvcForum.Core", "src\MvcForum.Core\MvcForum.Core.csproj", "{A89A5955-3C64-479A-A4EB-F38AC326E733}"
EndProject
Project("{FAE04EC0-301F-11D3-BF4B-00C04F79EFBC}") = "MvcForum.Web", "src\MvcForum.Web\MvcForum.Web.csproj", "{29E6772B-88CF-4618-9EDA-50D10140FFFD}"
EndProject
Global
	GlobalSection(SolutionConfigurationPlatforms) = preSolution
		Debug|Any CPU = Debug|Any CPU
		Debug|Mixed Platforms = Debug|Mixed Platforms
		Debug|x86 = Debug|x86
		Release|Any CPU = Release|Any CPU
		Release|Mixed Platforms = Release|Mixed Platforms
		Release|x86 = Release|x86
	EndGlobalSection
	GlobalSection(ProjectConfigurationPlatforms) = postSolution
		{E8235785-E4A4-44B7-B028-09E1088290F2}.Debug|Any CPU.ActiveCfg = Debug|Any CPU
		{E8235785-E4A4-44B7-B028-09E1088290F2}.Debug|Any CPU.Build.0 = Debug|Any CPU
		{E8235785-E4A4-44B7-B028-09E1088290F2}.Debug|Mixed Platforms.ActiveCfg = Debug|Any CPU
		{E8235785-E4A4-44B7-B028-09E1088290F2}.Debug|Mixed Platforms.Build.0 = Debug|Any CPU
		{E8235785-E4A4-44B7-B028-09E1088290F2}.Debug|x86.ActiveCfg = Debug|Any CPU
		{E8235785-E4A4-44B7-B028-09E1088290F2}.Debug|x86.Build.0 = Debug|Any CPU
		{E8235785-E4A4-44B7-B028-09E1088290F2}.Release|Any CPU.ActiveCfg = Release|Any CPU
		{E8235785-E4A4-44B7-B028-09E1088290F2}.Release|Any CPU.Build.0 = Release|Any CPU
		{E8235785-E4A4-44B7-B028-09E1088290F2}.Release|Mixed Platforms.ActiveCfg = Release|Any CPU
		{E8235785-E4A4-44B7-B028-09E1088290F2}.Release|Mixed Platforms.Build.0 = Release|Any CPU
		{E8235785-E4A4-44B7-B028-09E1088290F2}.Release|x86.ActiveCfg = Release|Any CPU
		{E8235785-E4A4-44B7-B028-09E1088290F2}.Release|x86.Build.0 = Release|Any CPU
		{A89A5955-3C64-479A-A4EB-F38AC326E733}.Debug|Any CPU.ActiveCfg = Debug|Any CPU
		{A89A5955-3C64-479A-A4EB-F38AC326E733}.Debug|Any CPU.Build.0 = Debug|Any CPU
		{A89A5955-3C64-479A-A4EB-F38AC326E733}.Debug|Mixed Platforms.ActiveCfg = Debug|Any CPU
		{A89A5955-3C64-479A-A4EB-F38AC326E733}.Debug|Mixed Platforms.Build.0 = Debug|Any CPU
		{A89A5955-3C64-479A-A4EB-F38AC326E733}.Debug|x86.ActiveCfg = Debug|Any CPU
		{A89A5955-3C64-479A-A4EB-F38AC326E733}.Debug|x86.Build.0 = Debug|Any CPU
		{A89A5955-3C64-479A-A4EB-F38AC326E733}.Release|Any CPU.ActiveCfg = Release|Any CPU
		{A89A5955-3C64-479A-A4EB-F38AC326E733}.Release|Any CPU.Build.0 = Release|Any CPU
		{A89A5955-3C64-479A-A4EB-F38AC326E733}.Release|Mixed Platforms.ActiveCfg = Release|Any CPU
		{A89A5955-3C64-479A-A4EB-F38AC326E733}.Release|Mixed Platforms.Build.0 = Release|Any CPU
		{A89A5955-3C64-479A-A4EB-F38AC326E733}.Release|x86.ActiveCfg = Release|Any CPU
		{A89A5955-3C64-479A-A4EB-F38AC326E733}.Release|x86.Build.0 = Release|Any CPU
		{29E6772B-88CF-4618-9EDA-50D10140FFFD}.Debug|Any CPU.ActiveCfg = Debug|Any CPU
		{29E6772B-88CF-4618-9EDA-50D10140FFFD}.Debug|Any CPU.Build.0 = Debug|Any CPU
		{29E6772B-88CF-4618-9EDA-50D10140FFFD}.Debug|Mixed Platforms.ActiveCfg = Debug|Any CPU
		{29E6772B-88CF-4618-9EDA-50D10140FFFD}.Debug|Mixed Platforms.Build.0 = Debug|Any CPU
		{29E6772B-88CF-4618-9EDA-50D10140FFFD}.Debug|x86.ActiveCfg = Debug|Any CPU
		{29E6772B-88CF-4618-9EDA-50D10140FFFD}.Debug|x86.Build.0 = Debug|Any CPU
		{29E6772B-88CF-4618-9EDA-50D10140FFFD}.Release|Any CPU.ActiveCfg = Release|Any CPU
		{29E6772B-88CF-4618-9EDA-50D10140FFFD}.Release|Any CPU.Build.0 = Release|Any CPU
		{29E6772B-88CF-4618-9EDA-50D10140FFFD}.Release|Mixed Platforms.ActiveCfg = Release|Any CPU
		{29E6772B-88CF-4618-9EDA-50D10140FFFD}.Release|Mixed Platforms.Build.0 = Release|Any CPU
		{29E6772B-88CF-4618-9EDA-50D10140FFFD}.Release|x86.ActiveCfg = Release|Any CPU
		{29E6772B-88CF-4618-9EDA-50D10140FFFD}.Release|x86.Build.0 = Release|Any CPU
	EndGlobalSection
	GlobalSection(SolutionProperties) = preSolution
		HideSolutionNode = FALSE
	EndGlobalSection
	GlobalSection(ExtensibilityGlobals) = postSolution
		EnterpriseLibraryConfigurationToolBinariesPath = packages\Unity.2.1.505.0\lib\NET35;packages\Unity.2.1.505.2\lib\NET35
	EndGlobalSection
EndGlobal
